{
    "_readme": [
        "This file locks the dependencies of your project to a known state",
        "Read more about it at https://getcomposer.org/doc/01-basic-usage.md#installing-dependencies",
        "This file is @generated automatically"
    ],
    "content-hash": "fb30bb3abff7f4f2f32645ca71657339",
    "packages": [
        {
            "name": "rats/zkteco",
            "version": "V002",
            "source": {
                "type": "git",
                "url": "https://github.com/raihanafroz/zkteco.git",
                "reference": "6e17024370ec56c89d87c85a54a1c55079304834"
            },
            "dist": {
                "type": "zip",
                "url": "https://api.github.com/repos/raihanafroz/zkteco/zipball/6e17024370ec56c89d87c85a54a1c55079304834",
                "reference": "6e17024370ec56c89d87c85a54a1c55079304834",
                "shasum": ""
            },
            "type": "library",
            "autoload": {
                "psr-4": {
                    "Rats\\Zkteco\\": "src"
                }
            },
            "notification-url": "https://packagist.org/downloads/",
            "license": [
                "MIT"
            ],
            "authors": [
                {
                    "name": "Raihan Afroz",
                    "email": "raihanafroz9@gmail.com"
                }
            ],
            "description": "ZKTeco Laravel Library",
            "support": {
                "issues": "https://github.com/raihanafroz/zkteco/issues",
                "source": "https://github.com/raihanafroz/zkteco/tree/V002"
            },
            "time": "2021-11-21T17:53:28+00:00"
        }
    ],
    "packages-dev": [],
    "aliases": [],
    "minimum-stability": "stable",
    "stability-flags": {},
    "prefer-stable": false,
    "prefer-lowest": false,
    "platform": {
        "php": ">=8.1",
        "ext-pdo": "*",
        "ext-json": "*"
    },
    "platform-dev": {},
    "plugin-api-version": "2.9.0"
}
